
Microsoft Visual Studio Solution File, Format Version 12.00
# Visual Studio 2012
Project("{FAE04EC0-301F-11D3-BF4B-00C04F79EFBC}") = "Sandbox.Todo.Application.Tests", "Sandbox.Todo.Application.Tests\Sandbox.Todo.Application.Tests.csproj", "{4A371618-FAF4-4022-9569-3270399410CE}"
EndProject
Project("{FAE04EC0-301F-11D3-BF4B-00C04F79EFBC}") = "Sandbox.Todo.Application", "Sandbox.Todo.Application\Sandbox.Todo.Application.csproj", "{A2E0C61F-3EE4-43E6-AF40-F58BE3FC9CB1}"
EndProject
Project("{FAE04EC0-301F-11D3-BF4B-00C04F79EFBC}") = "Sandbox.Todo.Application.Interface", "Sandbox.Todo.Application.Interface\Sandbox.Todo.Application.Interface.csproj", "{3A4776F1-BF7E-4522-AE9A-A08304F00A68}"
EndProject
Project("{FAE04EC0-301F-11D3-BF4B-00C04F79EFBC}") = "Sandbox.Todo.Presentation.Cli", "Sandbox.Todo.Presentation.Cli\Sandbox.Todo.Presentation.Cli.csproj", "{A15E44B5-526B-44C8-B796-DCEB0D65BAB8}"
EndProject
Project("{FAE04EC0-301F-11D3-BF4B-00C04F79EFBC}") = "Sandbox.Todo.CompositionRoot", "Sandbox.Todo.CompositionRoot\Sandbox.Todo.CompositionRoot.csproj", "{130C06F1-F573-4837-ACDE-964F21C9867D}"
EndProject
Project("{FAE04EC0-301F-11D3-BF4B-00C04F79EFBC}") = "Sandbox.Todo.Persistence.InMemory", "Sandbox.Todo.Persistence.InMemory\Sandbox.Todo.Persistence.InMemory.csproj", "{A6D0EC9B-EC3D-4D43-A8DA-A93361906808}"
EndProject
Project("{FAE04EC0-301F-11D3-BF4B-00C04F79EFBC}") = "Sandbox.Todo.Presentation.Web", "Sandbox.Todo.Presentation.Web\Sandbox.Todo.Presentation.Web.csproj", "{5D89C57D-21FA-423D-8895-F60742B2E952}"
EndProject
Project("{FAE04EC0-301F-11D3-BF4B-00C04F79EFBC}") = "Sandbox.Todo.Presentation.Web.Tests", "Sandbox.Todo.Presentation.Web.Tests\Sandbox.Todo.Presentation.Web.Tests.csproj", "{7C79E892-B8DC-40A4-ABD6-D7027E63B317}"
EndProject
Project("{FAE04EC0-301F-11D3-BF4B-00C04F79EFBC}") = "Sandbox.Todo.CompositionRoot.Web", "Sandbox.Todo.CompositionRoot.Web\Sandbox.Todo.CompositionRoot.Web.csproj", "{FF078132-36B9-4C9E-BA1B-3A897930AC84}"
EndProject
Project("{FAE04EC0-301F-11D3-BF4B-00C04F79EFBC}") = "Sandbox.Todo.Persistence.Atomic", "Sandbox.Todo.Persistence.Atomic\Sandbox.Todo.Persistence.Atomic.csproj", "{97CFCE05-4EC5-449F-AC69-BB584F48762A}"
EndProject
Project("{2150E333-8FDC-42A3-9474-1A3956D46DE8}") = "Application", "Application", "{E6B9B809-0CEF-4ED7-98DF-B1CB07EE71DA}"
EndProject
Project("{2150E333-8FDC-42A3-9474-1A3956D46DE8}") = "Infrastructure", "Infrastructure", "{E04E8CF3-8DA9-4A77-A00B-4EAC7EF06BC4}"
EndProject
Global
	GlobalSection(SolutionConfigurationPlatforms) = preSolution
		Debug|Any CPU = Debug|Any CPU
		Release|Any CPU = Release|Any CPU
	EndGlobalSection
	GlobalSection(ProjectConfigurationPlatforms) = postSolution
		{4A371618-FAF4-4022-9569-3270399410CE}.Debug|Any CPU.ActiveCfg = Debug|Any CPU
		{4A371618-FAF4-4022-9569-3270399410CE}.Debug|Any CPU.Build.0 = Debug|Any CPU
		{4A371618-FAF4-4022-9569-3270399410CE}.Release|Any CPU.ActiveCfg = Release|Any CPU
		{4A371618-FAF4-4022-9569-3270399410CE}.Release|Any CPU.Build.0 = Release|Any CPU
		{A2E0C61F-3EE4-43E6-AF40-F58BE3FC9CB1}.Debug|Any CPU.ActiveCfg = Debug|Any CPU
		{A2E0C61F-3EE4-43E6-AF40-F58BE3FC9CB1}.Debug|Any CPU.Build.0 = Debug|Any CPU
		{A2E0C61F-3EE4-43E6-AF40-F58BE3FC9CB1}.Release|Any CPU.ActiveCfg = Release|Any CPU
		{A2E0C61F-3EE4-43E6-AF40-F58BE3FC9CB1}.Release|Any CPU.Build.0 = Release|Any CPU
		{3A4776F1-BF7E-4522-AE9A-A08304F00A68}.Debug|Any CPU.ActiveCfg = Debug|Any CPU
		{3A4776F1-BF7E-4522-AE9A-A08304F00A68}.Debug|Any CPU.Build.0 = Debug|Any CPU
		{3A4776F1-BF7E-4522-AE9A-A08304F00A68}.Release|Any CPU.ActiveCfg = Release|Any CPU
		{3A4776F1-BF7E-4522-AE9A-A08304F00A68}.Release|Any CPU.Build.0 = Release|Any CPU
		{A15E44B5-526B-44C8-B796-DCEB0D65BAB8}.Debug|Any CPU.ActiveCfg = Debug|Any CPU
		{A15E44B5-526B-44C8-B796-DCEB0D65BAB8}.Debug|Any CPU.Build.0 = Debug|Any CPU
		{A15E44B5-526B-44C8-B796-DCEB0D65BAB8}.Release|Any CPU.ActiveCfg = Release|Any CPU
		{A15E44B5-526B-44C8-B796-DCEB0D65BAB8}.Release|Any CPU.Build.0 = Release|Any CPU
		{130C06F1-F573-4837-ACDE-964F21C9867D}.Debug|Any CPU.ActiveCfg = Debug|Any CPU
		{130C06F1-F573-4837-ACDE-964F21C9867D}.Debug|Any CPU.Build.0 = Debug|Any CPU
		{130C06F1-F573-4837-ACDE-964F21C9867D}.Release|Any CPU.ActiveCfg = Release|Any CPU
		{130C06F1-F573-4837-ACDE-964F21C9867D}.Release|Any CPU.Build.0 = Release|Any CPU
		{A6D0EC9B-EC3D-4D43-A8DA-A93361906808}.Debug|Any CPU.ActiveCfg = Debug|Any CPU
		{A6D0EC9B-EC3D-4D43-A8DA-A93361906808}.Debug|Any CPU.Build.0 = Debug|Any CPU
		{A6D0EC9B-EC3D-4D43-A8DA-A93361906808}.Release|Any CPU.ActiveCfg = Release|Any CPU
		{A6D0EC9B-EC3D-4D43-A8DA-A93361906808}.Release|Any CPU.Build.0 = Release|Any CPU
		{5D89C57D-21FA-423D-8895-F60742B2E952}.Debug|Any CPU.ActiveCfg = Debug|Any CPU
		{5D89C57D-21FA-423D-8895-F60742B2E952}.Debug|Any CPU.Build.0 = Debug|Any CPU
		{5D89C57D-21FA-423D-8895-F60742B2E952}.Release|Any CPU.ActiveCfg = Release|Any CPU
		{5D89C57D-21FA-423D-8895-F60742B2E952}.Release|Any CPU.Build.0 = Release|Any CPU
		{7C79E892-B8DC-40A4-ABD6-D7027E63B317}.Debug|Any CPU.ActiveCfg = Debug|Any CPU
		{7C79E892-B8DC-40A4-ABD6-D7027E63B317}.Debug|Any CPU.Build.0 = Debug|Any CPU
		{7C79E892-B8DC-40A4-ABD6-D7027E63B317}.Release|Any CPU.ActiveCfg = Release|Any CPU
		{7C79E892-B8DC-40A4-ABD6-D7027E63B317}.Release|Any CPU.Build.0 = Release|Any CPU
		{FF078132-36B9-4C9E-BA1B-3A897930AC84}.Debug|Any CPU.ActiveCfg = Debug|Any CPU
		{FF078132-36B9-4C9E-BA1B-3A897930AC84}.Debug|Any CPU.Build.0 = Debug|Any CPU
		{FF078132-36B9-4C9E-BA1B-3A897930AC84}.Release|Any CPU.ActiveCfg = Release|Any CPU
		{FF078132-36B9-4C9E-BA1B-3A897930AC84}.Release|Any CPU.Build.0 = Release|Any CPU
		{97CFCE05-4EC5-449F-AC69-BB584F48762A}.Debug|Any CPU.ActiveCfg = Debug|Any CPU
		{97CFCE05-4EC5-449F-AC69-BB584F48762A}.Debug|Any CPU.Build.0 = Debug|Any CPU
		{97CFCE05-4EC5-449F-AC69-BB584F48762A}.Release|Any CPU.ActiveCfg = Release|Any CPU
		{97CFCE05-4EC5-449F-AC69-BB584F48762A}.Release|Any CPU.Build.0 = Release|Any CPU
	EndGlobalSection
	GlobalSection(SolutionProperties) = preSolution
		HideSolutionNode = FALSE
	EndGlobalSection
	GlobalSection(NestedProjects) = preSolution
		{A2E0C61F-3EE4-43E6-AF40-F58BE3FC9CB1} = {E6B9B809-0CEF-4ED7-98DF-B1CB07EE71DA}
		{3A4776F1-BF7E-4522-AE9A-A08304F00A68} = {E6B9B809-0CEF-4ED7-98DF-B1CB07EE71DA}
		{4A371618-FAF4-4022-9569-3270399410CE} = {E6B9B809-0CEF-4ED7-98DF-B1CB07EE71DA}
		{97CFCE05-4EC5-449F-AC69-BB584F48762A} = {E04E8CF3-8DA9-4A77-A00B-4EAC7EF06BC4}
		{A6D0EC9B-EC3D-4D43-A8DA-A93361906808} = {E04E8CF3-8DA9-4A77-A00B-4EAC7EF06BC4}
		{A15E44B5-526B-44C8-B796-DCEB0D65BAB8} = {E04E8CF3-8DA9-4A77-A00B-4EAC7EF06BC4}
		{5D89C57D-21FA-423D-8895-F60742B2E952} = {E04E8CF3-8DA9-4A77-A00B-4EAC7EF06BC4}
		{7C79E892-B8DC-40A4-ABD6-D7027E63B317} = {E04E8CF3-8DA9-4A77-A00B-4EAC7EF06BC4}
	EndGlobalSection
EndGlobal
